
Microsoft Visual Studio Solution File, Format Version 12.00
# Visual Studio 15
VisualStudioVersion = 15.0.27428.2037
MinimumVisualStudioVersion = 10.0.40219.1
Project("{9A19103F-16F7-4668-BE54-9A1E7A4F7556}") = "APIGateway", "APIGateway\APIGateway.csproj", "{0BE4932E-93EA-4104-AAF5-C392E4BA00A9}"
EndProject
Global
	GlobalSection(SolutionConfigurationPlatforms) = preSolution
		Debug|Any CPU = Debug|Any CPU
		Release|Any CPU = Release|Any CPU
	EndGlobalSection
	GlobalSection(ProjectConfigurationPlatforms) = postSolution
		{0BE4932E-93EA-4104-AAF5-C392E4BA00A9}.Debug|Any CPU.ActiveCfg = Debug|Any CPU
		{0BE4932E-93EA-4104-AAF5-C392E4BA00A9}.Debug|Any CPU.Build.0 = Debug|Any CPU
		{0BE4932E-93EA-4104-AAF5-C392E4BA00A9}.Release|Any CPU.ActiveCfg = Release|Any CPU
		{0BE4932E-93EA-4104-AAF5-C392E4BA00A9}.Release|Any CPU.Build.0 = Release|Any CPU
	EndGlobalSection
	GlobalSection(SolutionProperties) = preSolution
		HideSolutionNode = FALSE
	EndGlobalSection
	GlobalSection(ExtensibilityGlobals) = postSolution
		SolutionGuid = {4EF16891-AD0F-4760-8159-255EFFAF67D9}
	EndGlobalSection
EndGlobal
